lockfileVersion: '6.0'

settings:
  autoInstallPeers: true
  excludeLinksFromLockfile: false

devDependencies:
  bun-types:
    specifier: latest
    version: 1.0.18-1

packages:

  /bun-types@1.0.18-1:
    resolution: {integrity: sha512-uq9HwABWG43t2fDpEyvjbyRFpwaXJWuSg/8lVNVdbNe4/RuXJ7zJ6yBhQji8X/hddCM6EaUu0pqcAG0DAR8C8g==}
    dev: true
